
Microsoft Visual Studio Solution File, Format Version 12.00
# Visual Studio Version 17
VisualStudioVersion = 17.3.32901.215
MinimumVisualStudioVersion = 10.0.40219.1
Project("{FAE04EC0-301F-11D3-BF4B-00C04F79EFBC}") = "BeetrootHomework", "BeetrootHomework.csproj", "{2A0B7EE3-8031-499F-A6C8-DA73990B04AF}"
EndProject
Global
	GlobalSection(SolutionConfigurationPlatforms) = preSolution
		Debug|Any CPU = Debug|Any CPU
		Release|Any CPU = Release|Any CPU
	EndGlobalSection
	GlobalSection(ProjectConfigurationPlatforms) = postSolution
		{2A0B7EE3-8031-499F-A6C8-DA73990B04AF}.Debug|Any CPU.ActiveCfg = Debug|Any CPU
		{2A0B7EE3-8031-499F-A6C8-DA73990B04AF}.Debug|Any CPU.Build.0 = Debug|Any CPU
		{2A0B7EE3-8031-499F-A6C8-DA73990B04AF}.Release|Any CPU.ActiveCfg = Release|Any CPU
		{2A0B7EE3-8031-499F-A6C8-DA73990B04AF}.Release|Any CPU.Build.0 = Release|Any CPU
	EndGlobalSection
	GlobalSection(SolutionProperties) = preSolution
		HideSolutionNode = FALSE
	EndGlobalSection
	GlobalSection(ExtensibilityGlobals) = postSolution
		SolutionGuid = {30C73F98-3F74-411A-845A-55DD1280C134}
	EndGlobalSection
EndGlobal
